
Microsoft Visual Studio Solution File, Format Version 11.00
# Visual Studio 2010
Project("{FAE04EC0-301F-11D3-BF4B-00C04F79EFBC}") = "Pr2.3", "Assembly-CSharp.csproj", "{8E2F32B6-0CC7-6C03-A423-4AAADCE0F883}"
EndProject
Project("{FAE04EC0-301F-11D3-BF4B-00C04F79EFBC}") = "Pr2.3", "Assembly-CSharp-Editor.csproj", "{23B613FB-85B1-C953-2603-CC192C42AC53}"
EndProject
Global
	GlobalSection(SolutionConfigurationPlatforms) = preSolution
		Debug|Any CPU = Debug|Any CPU
		Release|Any CPU = Release|Any CPU
	EndGlobalSection
	GlobalSection(ProjectConfigurationPlatforms) = postSolution
		{8E2F32B6-0CC7-6C03-A423-4AAADCE0F883}.Debug|Any CPU.ActiveCfg = Debug|Any CPU
		{8E2F32B6-0CC7-6C03-A423-4AAADCE0F883}.Debug|Any CPU.Build.0 = Debug|Any CPU
		{8E2F32B6-0CC7-6C03-A423-4AAADCE0F883}.Release|Any CPU.ActiveCfg = Release|Any CPU
		{8E2F32B6-0CC7-6C03-A423-4AAADCE0F883}.Release|Any CPU.Build.0 = Release|Any CPU
		{23B613FB-85B1-C953-2603-CC192C42AC53}.Debug|Any CPU.ActiveCfg = Debug|Any CPU
		{23B613FB-85B1-C953-2603-CC192C42AC53}.Debug|Any CPU.Build.0 = Debug|Any CPU
		{23B613FB-85B1-C953-2603-CC192C42AC53}.Release|Any CPU.ActiveCfg = Release|Any CPU
		{23B613FB-85B1-C953-2603-CC192C42AC53}.Release|Any CPU.Build.0 = Release|Any CPU
	EndGlobalSection
	GlobalSection(SolutionProperties) = preSolution
		HideSolutionNode = FALSE
	EndGlobalSection
	GlobalSection(MonoDevelopProperties) = preSolution
		StartupItem = Assembly-CSharp.csproj
	EndGlobalSection
EndGlobal
